
Microsoft Visual Studio Solution File, Format Version 12.00
# Visual Studio Version 17
VisualStudioVersion = 17.2.32505.173
MinimumVisualStudioVersion = 10.0.40219.1
Project("{FAE04EC0-301F-11D3-BF4B-00C04F79EFBC}") = "QuanLyBanGiay_Ver_ADO", "QuanLyBanGiay_Ver_ADO\QuanLyBanGiay_Ver_ADO.csproj", "{5045F72F-9394-486C-81E4-5386BD119A36}"
EndProject
Global
	GlobalSection(SolutionConfigurationPlatforms) = preSolution
		Debug|Any CPU = Debug|Any CPU
		Release|Any CPU = Release|Any CPU
	EndGlobalSection
	GlobalSection(ProjectConfigurationPlatforms) = postSolution
		{5045F72F-9394-486C-81E4-5386BD119A36}.Debug|Any CPU.ActiveCfg = Debug|Any CPU
		{5045F72F-9394-486C-81E4-5386BD119A36}.Debug|Any CPU.Build.0 = Debug|Any CPU
		{5045F72F-9394-486C-81E4-5386BD119A36}.Release|Any CPU.ActiveCfg = Release|Any CPU
		{5045F72F-9394-486C-81E4-5386BD119A36}.Release|Any CPU.Build.0 = Release|Any CPU
	EndGlobalSection
	GlobalSection(SolutionProperties) = preSolution
		HideSolutionNode = FALSE
	EndGlobalSection
	GlobalSection(ExtensibilityGlobals) = postSolution
		SolutionGuid = {55EDB80F-C32A-473F-B358-37C3D9400F30}
	EndGlobalSection
EndGlobal
